// !$*UTF8*$!
{
	archiveVersion = 1;
	classes = {
	};
	objectVersion = 46;
	objects = {

/* Begin PBXBuildFile section */
		6A46F6D31D33FB3200A2C258 /* AppDelegate.swift in Sources */ = {isa = PBXBuildFile; fileRef = 6A46F6D21D33FB3200A2C258 /* AppDelegate.swift */; };
		6A46F6DA1D33FB3200A2C258 /* Assets.xcassets in Resources */ = {isa = PBXBuildFile; fileRef = 6A46F6D91D33FB3200A2C258 /* Assets.xcassets */; };
		6A46F6DD1D33FB3200A2C258 /* LaunchScreen.storyboard in Resources */ = {isa = PBXBuildFile; fileRef = 6A46F6DB1D33FB3200A2C258 /* LaunchScreen.storyboard */; };
		6A46F6E61D33FC9200A2C258 /* MapViewController.swift in Sources */ = {isa = PBXBuildFile; fileRef = 6A46F6E41D33FC9200A2C258 /* MapViewController.swift */; };
		6A46F6E71D33FC9200A2C258 /* MapViewController.xib in Resources */ = {isa = PBXBuildFile; fileRef = 6A46F6E51D33FC9200A2C258 /* MapViewController.xib */; };
		6A46F6E91D34015900A2C258 /* MapKit.framework in Frameworks */ = {isa = PBXBuildFile; fileRef = 6A46F6E81D34015900A2C258 /* MapKit.framework */; };
		6A46F6EB1D343CD700A2C258 /* JournalEntryViewController.swift in Sources */ = {isa = PBXBuildFile; fileRef = 6A46F6EA1D343CD700A2C258 /* JournalEntryViewController.swift */; };
/* End PBXBuildFile section */

/* Begin PBXFileReference section */
		6A46F6CF1D33FB3200A2C258 /* iXplore.app */ = {isa = PBXFileReference; explicitFileType = wrapper.application; includeInIndex = 0; path = iXplore.app; sourceTree = BUILT_PRODUCTS_DIR; };
		6A46F6D21D33FB3200A2C258 /* AppDelegate.swift */ = {isa = PBXFileReference; lastKnownFileType = sourcecode.swift; path = AppDelegate.swift; sourceTree = "<group>"; };
		6A46F6D91D33FB3200A2C258 /* Assets.xcassets */ = {isa = PBXFileReference; lastKnownFileType = folder.assetcatalog; path = Assets.xcassets; sourceTree = "<group>"; };
		6A46F6DC1D33FB3200A2C258 /* Base */ = {isa = PBXFileReference; lastKnownFileType = file.storyboard; name = Base; path = Base.lproj/LaunchScreen.storyboard; sourceTree = "<group>"; };
		6A46F6DE1D33FB3200A2C258 /* Info.plist */ = {isa = PBXFileReference; lastKnownFileType = text.plist.xml; path = Info.plist; sourceTree = "<group>"; };
		6A46F6E41D33FC9200A2C258 /* MapViewController.swift */ = {isa = PBXFileReference; fileEncoding = 4; lastKnownFileType = sourcecode.swift; name = MapViewController.swift; path = ../MapViewController.swift; sourceTree = "<group>"; };
		6A46F6E51D33FC9200A2C258 /* MapViewController.xib */ = {isa = PBXFileReference; fileEncoding = 4; lastKnownFileType = file.xib; name = MapViewController.xib; path = ../MapViewController.xib; sourceTree = "<group>"; };
		6A46F6E81D34015900A2C258 /* MapKit.framework */ = {isa = PBXFileReference; lastKnownFileType = wrapper.framework; name = MapKit.framework; path = System/Library/Frameworks/MapKit.framework; sourceTree = SDKROOT; };
		6A46F6EA1D343CD700A2C258 /* JournalEntryViewController.swift */ = {isa = PBXFileReference; fileEncoding = 4; lastKnownFileType = sourcecode.swift; path = JournalEntryViewController.swift; sourceTree = "<group>"; };
/* End PBXFileReference section */

/* Begin PBXFrameworksBuildPhase section */
		6A46F6CC1D33FB3200A2C258 /* Frameworks */ = {
			isa = PBXFrameworksBuildPhase;
			buildActionMask = 2147483647;
			files = (
				6A46F6E91D34015900A2C258 /* MapKit.framework in Frameworks */,
			);
			runOnlyForDeploymentPostprocessing = 0;
		};
/* End PBXFrameworksBuildPhase section */

/* Begin PBXGroup section */
		6A46F6C61D33FB3200A2C258 = {
			isa = PBXGroup;
			children = (
				6A46F6E81D34015900A2C258 /* MapKit.framework */,
				6A46F6D11D33FB3200A2C258 /* iXplore */,
				6A46F6D01D33FB3200A2C258 /* Products */,
			);
			sourceTree = "<group>";
		};
		6A46F6D01D33FB3200A2C258 /* Products */ = {
			isa = PBXGroup;
			children = (
				6A46F6CF1D33FB3200A2C258 /* iXplore.app */,
			);
			name = Products;
			sourceTree = "<group>";
		};
		6A46F6D11D33FB3200A2C258 /* iXplore */ = {
			isa = PBXGroup;
			children = (
				6A46F6D21D33FB3200A2C258 /* AppDelegate.swift */,
				6A46F6D91D33FB3200A2C258 /* Assets.xcassets */,
				6A46F6DB1D33FB3200A2C258 /* LaunchScreen.storyboard */,
				6A46F6E41D33FC9200A2C258 /* MapViewController.swift */,
				6A46F6E51D33FC9200A2C258 /* MapViewController.xib */,
				6A46F6DE1D33FB3200A2C258 /* Info.plist */,
				6A46F6EA1D343CD700A2C258 /* JournalEntryViewController.swift */,
			);
			path = iXplore;
			sourceTree = "<group>";
		};
/* End PBXGroup section */

/* Begin PBXNativeTarget section */
		6A46F6CE1D33FB3200A2C258 /* iXplore */ = {
			isa = PBXNativeTarget;
			buildConfigurationList = 6A46F6E11D33FB3200A2C258 /* Build configuration list for PBXNativeTarget "iXplore" */;
			buildPhases = (
				6A46F6CB1D33FB3200A2C258 /* Sources */,
				6A46F6CC1D33FB3200A2C258 /* Frameworks */,
				6A46F6CD1D33FB3200A2C258 /* Resources */,
			);
			buildRules = (
			);
			dependencies = (
			);
			name = iXplore;
			productName = iXplore;
			productReference = 6A46F6CF1D33FB3200A2C258 /* iXplore.app */;
			productType = "com.apple.product-type.application";
		};
/* End PBXNativeTarget section */

/* Begin PBXProject section */
		6A46F6C71D33FB3200A2C258 /* Project object */ = {
			isa = PBXProject;
			attributes = {
				LastSwiftUpdateCheck = 0730;
				LastUpgradeCheck = 0730;
				ORGANIZATIONNAME = "Enrique Pajuelo";
				TargetAttributes = {
					6A46F6CE1D33FB3200A2C258 = {
						CreatedOnToolsVersion = 7.3.1;
					};
				};
			};
			buildConfigurationList = 6A46F6CA1D33FB3200A2C258 /* Build configuration list for PBXProject "iXplore" */;
			compatibilityVersion = "Xcode 3.2";
			developmentRegion = English;
			hasScannedForEncodings = 0;
			knownRegions = (
				en,
				Base,
			);
			mainGroup = 6A46F6C61D33FB3200A2C258;
			productRefGroup = 6A46F6D01D33FB3200A2C258 /* Products */;
			projectDirPath = "";
			projectRoot = "";
			targets = (
				6A46F6CE1D33FB3200A2C258 /* iXplore */,
			);
		};
/* End PBXProject section */

/* Begin PBXResourcesBuildPhase section */
		6A46F6CD1D33FB3200A2C258 /* Resources */ = {
			isa = PBXResourcesBuildPhase;
			buildActionMask = 2147483647;
			files = (
				6A46F6DD1D33FB3200A2C258 /* LaunchScreen.storyboard in Resources */,
				6A46F6E71D33FC9200A2C258 /* MapViewController.xib in Resources */,
				6A46F6DA1D33FB3200A2C258 /* Assets.xcassets in Resources */,
			);
			runOnlyForDeploymentPostprocessing = 0;
		};
/* End PBXResourcesBuildPhase section */

/* Begin PBXSourcesBuildPhase section */
		6A46F6CB1D33FB3200A2C258 /* Sources */ = {
			isa = PBXSourcesBuildPhase;
			buildActionMask = 2147483647;
			files = (
				6A46F6D31D33FB3200A2C258 /* AppDelegate.swift in Sources */,
				6A46F6E61D33FC9200A2C258 /* MapViewController.swift in Sources */,
				6A46F6EB1D343CD700A2C258 /* JournalEntryViewController.swift in Sources */,
			);
			runOnlyForDeploymentPostprocessing = 0;
		};
/* End PBXSourcesBuildPhase section */

/* Begin PBXVariantGroup section */
		6A46F6DB1D33FB3200A2C258 /* LaunchScreen.storyboard */ = {
			isa = PBXVariantGroup;
			children = (
				6A46F6DC1D33FB3200A2C258 /* Base */,
			);
			name = LaunchScreen.storyboard;
			sourceTree = "<group>";
		};
/* End PBXVariantGroup section */

/* Begin XCBuildConfiguration section */
		6A46F6DF1D33FB3200A2C258 /* Debug */ = {
			isa = XCBuildConfiguration;
			buildSettings = {
				ALWAYS_SEARCH_USER_PATHS = NO;
				CLANG_ANALYZER_NONNULL = YES;
				CLANG_CXX_LANGUAGE_STANDARD = "gnu++0x";
				CLANG_CXX_LIBRARY = "libc++";
				CLANG_ENABLE_MODULES = YES;
				CLANG_ENABLE_OBJC_ARC = YES;
				CLANG_WARN_BOOL_CONVERSION = YES;
				CLANG_WARN_CONSTANT_CONVERSION = YES;
				CLANG_WARN_DIRECT_OBJC_ISA_USAGE = YES_ERROR;
				CLANG_WARN_EMPTY_BODY = YES;
				CLANG_WARN_ENUM_CONVERSION = YES;
				CLANG_WARN_INT_CONVERSION = YES;
				CLANG_WARN_OBJC_ROOT_CLASS = YES_ERROR;
				CLANG_WARN_UNREACHABLE_CODE = YES;
				CLANG_WARN__DUPLICATE_METHOD_MATCH = YES;
				"CODE_SIGN_IDENTITY[sdk=iphoneos*]" = "iPhone Developer";
				COPY_PHASE_STRIP = NO;
				DEBUG_INFORMATION_FORMAT = dwarf;
				ENABLE_STRICT_OBJC_MSGSEND = YES;
				ENABLE_TESTABILITY = YES;
				GCC_C_LANGUAGE_STANDARD = gnu99;
				GCC_DYNAMIC_NO_PIC = NO;
				GCC_NO_COMMON_BLOCKS = YES;
				GCC_OPTIMIZATION_LEVEL = 0;
				GCC_PREPROCESSOR_DEFINITIONS = (
					"DEBUG=1",
					"$(inherited)",
				);
				GCC_WARN_64_TO_32_BIT_CONVERSION = YES;
				GCC_WARN_ABOUT_RETURN_TYPE = YES_ERROR;
				GCC_WARN_UNDECLARED_SELECTOR = YES;
				GCC_WARN_UNINITIALIZED_AUTOS = YES_AGGRESSIVE;
				GCC_WARN_UNUSED_FUNCTION = YES;
				GCC_WARN_UNUSED_VARIABLE = YES;
				IPHONEOS_DEPLOYMENT_TARGET = 9.3;
				MTL_ENABLE_DEBUG_INFO = YES;
				ONLY_ACTIVE_ARCH = YES;
				SDKROOT = iphoneos;
				SWIFT_OPTIMIZATION_LEVEL = "-Onone";
			};
			name = Debug;
		};
		6A46F6E01D33FB3200A2C258 /* Release */ = {
			isa = XCBuildConfiguration;
			buildSettings = {
				ALWAYS_SEARCH_USER_PATHS = NO;
				CLANG_ANALYZER_NONNULL = YES;
				CLANG_CXX_LANGUAGE_STANDARD = "gnu++0x";
				CLANG_CXX_LIBRARY = "libc++";
				CLANG_ENABLE_MODULES = YES;
				CLANG_ENABLE_OBJC_ARC = YES;
				CLANG_WARN_BOOL_CONVERSION = YES;
				CLANG_WARN_CONSTANT_CONVERSION = YES;
				CLANG_WARN_DIRECT_OBJC_ISA_USAGE = YES_ERROR;
				CLANG_WARN_EMPTY_BODY = YES;
				CLANG_WARN_ENUM_CONVERSION = YES;
				CLANG_WARN_INT_CONVERSION = YES;
				CLANG_WARN_OBJC_ROOT_CLASS = YES_ERROR;
				CLANG_WARN_UNREACHABLE_CODE = YES;
				CLANG_WARN__DUPLICATE_METHOD_MATCH = YES;
				"CODE_SIGN_IDENTITY[sdk=iphoneos*]" = "iPhone Developer";
				COPY_PHASE_STRIP = NO;
				DEBUG_INFORMATION_FORMAT = "dwarf-with-dsym";
				ENABLE_NS_ASSERTIONS = NO;
				ENABLE_STRICT_OBJC_MSGSEND = YES;
				GCC_C_LANGUAGE_STANDARD = gnu99;
				GCC_NO_COMMON_BLOCKS = YES;
				GCC_WARN_64_TO_32_BIT_CONVERSION = YES;
				GCC_WARN_ABOUT_RETURN_TYPE = YES_ERROR;
				GCC_WARN_UNDECLARED_SELECTOR = YES;
				GCC_WARN_UNINITIALIZED_AUTOS = YES_AGGRESSIVE;
				GCC_WARN_UNUSED_FUNCTION = YES;
				GCC_WARN_UNUSED_VARIABLE = YES;
				IPHONEOS_DEPLOYMENT_TARGET = 9.3;
				MTL_ENABLE_DEBUG_INFO = NO;
				SDKROOT = iphoneos;
				VALIDATE_PRODUCT = YES;
			};
			name = Release;
		};
		6A46F6E21D33FB3200A2C258 /* Debug */ = {
			isa = XCBuildConfiguration;
			buildSettings = {
				ASSETCATALOG_COMPILER_APPICON_NAME = AppIcon;
				INFOPLIST_FILE = iXplore/Info.plist;
				LD_RUNPATH_SEARCH_PATHS = "$(inherited) @executable_path/Frameworks";
				PRODUCT_BUNDLE_IDENTIFIER = com.enriquepajuelo.iXplore;
				PRODUCT_NAME = "$(TARGET_NAME)";
			};
			name = Debug;
		};
		6A46F6E31D33FB3200A2C258 /* Release */ = {
			isa = XCBuildConfiguration;
			buildSettings = {
				ASSETCATALOG_COMPILER_APPICON_NAME = AppIcon;
				INFOPLIST_FILE = iXplore/Info.plist;
				LD_RUNPATH_SEARCH_PATHS = "$(inherited) @executable_path/Frameworks";
				PRODUCT_BUNDLE_IDENTIFIER = com.enriquepajuelo.iXplore;
				PRODUCT_NAME = "$(TARGET_NAME)";
			};
			name = Release;
		};
/* End XCBuildConfiguration section */

/* Begin XCConfigurationList section */
		6A46F6CA1D33FB3200A2C258 /* Build configuration list for PBXProject "iXplore" */ = {
			isa = XCConfigurationList;
			buildConfigurations = (
				6A46F6DF1D33FB3200A2C258 /* Debug */,
				6A46F6E01D33FB3200A2C258 /* Release */,
			);
			defaultConfigurationIsVisible = 0;
			defaultConfigurationName = Release;
		};
		6A46F6E11D33FB3200A2C258 /* Build configuration list for PBXNativeTarget "iXplore" */ = {
			isa = XCConfigurationList;
			buildConfigurations = (
				6A46F6E21D33FB3200A2C258 /* Debug */,
				6A46F6E31D33FB3200A2C258 /* Release */,
			);
			defaultConfigurationIsVisible = 0;
		};
/* End XCConfigurationList section */
	};
	rootObject = 6A46F6C71D33FB3200A2C258 /* Project object */;
}
